{
  "name": "tiny-quiz",
  "lockfileVersion": 3,
  "requires": true,
  "packages": {
    "": {
      "dependencies": {
        "papercss": "^1.9.2"
      }
    },
    "node_modules/papercss": {
      "version": "1.9.2",
      "resolved": "https://registry.npmjs.org/papercss/-/papercss-1.9.2.tgz",
      "integrity": "sha512-6pOXUbuNgjdufXu4F34BYCXzel0YyB25FS9jWwq38PWEyzcWU3SWUneCHmvM5zUK7omCQ2/VdMXf8hlJC73/mA==",
      "license": "ISC"
    }
  }
}
